
Microsoft Visual Studio Solution File, Format Version 12.00
# Visual Studio Version 17
VisualStudioVersion = 17.1.32328.378
MinimumVisualStudioVersion = 10.0.40219.1
Project("{9A19103F-16F7-4668-BE54-9A1E7A4F7556}") = "StoreApplication.App", "StoreApplication.App\StoreApplication.App.csproj", "{036F968F-F679-49F8-A3F8-B3CF57FABC43}"
EndProject
Project("{FAE04EC0-301F-11D3-BF4B-00C04F79EFBC}") = "StoreApplication.Logic", "StoreApplication.Logic\StoreApplication.Logic.csproj", "{BE844C86-F1D4-41C7-B7CD-4705C166360D}"
EndProject
Project("{FAE04EC0-301F-11D3-BF4B-00C04F79EFBC}") = "StoreApplication.Infrastructure", "StoreApplication.Infrastructure\StoreApplication.Infrastructure.csproj", "{9F00CA2C-17A6-4E78-A96C-E40B6F99315F}"
EndProject
Global
	GlobalSection(SolutionConfigurationPlatforms) = preSolution
		Debug|Any CPU = Debug|Any CPU
		Release|Any CPU = Release|Any CPU
	EndGlobalSection
	GlobalSection(ProjectConfigurationPlatforms) = postSolution
		{036F968F-F679-49F8-A3F8-B3CF57FABC43}.Debug|Any CPU.ActiveCfg = Debug|Any CPU
		{036F968F-F679-49F8-A3F8-B3CF57FABC43}.Debug|Any CPU.Build.0 = Debug|Any CPU
		{036F968F-F679-49F8-A3F8-B3CF57FABC43}.Release|Any CPU.ActiveCfg = Release|Any CPU
		{036F968F-F679-49F8-A3F8-B3CF57FABC43}.Release|Any CPU.Build.0 = Release|Any CPU
		{BE844C86-F1D4-41C7-B7CD-4705C166360D}.Debug|Any CPU.ActiveCfg = Debug|Any CPU
		{BE844C86-F1D4-41C7-B7CD-4705C166360D}.Debug|Any CPU.Build.0 = Debug|Any CPU
		{BE844C86-F1D4-41C7-B7CD-4705C166360D}.Release|Any CPU.ActiveCfg = Release|Any CPU
		{BE844C86-F1D4-41C7-B7CD-4705C166360D}.Release|Any CPU.Build.0 = Release|Any CPU
		{9F00CA2C-17A6-4E78-A96C-E40B6F99315F}.Debug|Any CPU.ActiveCfg = Debug|Any CPU
		{9F00CA2C-17A6-4E78-A96C-E40B6F99315F}.Debug|Any CPU.Build.0 = Debug|Any CPU
		{9F00CA2C-17A6-4E78-A96C-E40B6F99315F}.Release|Any CPU.ActiveCfg = Release|Any CPU
		{9F00CA2C-17A6-4E78-A96C-E40B6F99315F}.Release|Any CPU.Build.0 = Release|Any CPU
	EndGlobalSection
	GlobalSection(SolutionProperties) = preSolution
		HideSolutionNode = FALSE
	EndGlobalSection
	GlobalSection(ExtensibilityGlobals) = postSolution
		SolutionGuid = {4EB87D12-CEB6-4962-B395-8051A63A234E}
	EndGlobalSection
EndGlobal
